
Microsoft Visual Studio Solution File, Format Version 12.00
Project("{FAE04EC0-301F-11D3-BF4B-00C04F79EFBC}") = "TinyGardenGame", "TinyGardenGame\TinyGardenGame.csproj", "{12A4EB9A-5E52-4A5F-A6E8-720B53579F57}"
EndProject
Project("{FAE04EC0-301F-11D3-BF4B-00C04F79EFBC}") = "MonoGameConsoleCore", "ThirdParty\MonoGameConsole\MonoGameConsoleCore\MonoGameConsoleCore.csproj", "{C3A1E54B-8C6B-4F52-AEBB-4E67AAF914FC}"
EndProject
Project("{FAE04EC0-301F-11D3-BF4B-00C04F79EFBC}") = "Clipper2Lib", "ThirdParty\Clipper2\CSharp\Clipper2Lib\Clipper2Lib.csproj", "{FB1240DF-66BE-4BEB-B77E-46A20FD45D24}"
EndProject
Global
	GlobalSection(SolutionConfigurationPlatforms) = preSolution
		Debug|Any CPU = Debug|Any CPU
		Release|Any CPU = Release|Any CPU
	EndGlobalSection
	GlobalSection(ProjectConfigurationPlatforms) = postSolution
		{12A4EB9A-5E52-4A5F-A6E8-720B53579F57}.Debug|Any CPU.ActiveCfg = Debug|Any CPU
		{12A4EB9A-5E52-4A5F-A6E8-720B53579F57}.Debug|Any CPU.Build.0 = Debug|Any CPU
		{12A4EB9A-5E52-4A5F-A6E8-720B53579F57}.Release|Any CPU.ActiveCfg = Release|Any CPU
		{12A4EB9A-5E52-4A5F-A6E8-720B53579F57}.Release|Any CPU.Build.0 = Release|Any CPU
		{C3A1E54B-8C6B-4F52-AEBB-4E67AAF914FC}.Debug|Any CPU.ActiveCfg = Debug|Any CPU
		{C3A1E54B-8C6B-4F52-AEBB-4E67AAF914FC}.Debug|Any CPU.Build.0 = Debug|Any CPU
		{C3A1E54B-8C6B-4F52-AEBB-4E67AAF914FC}.Release|Any CPU.ActiveCfg = Release|Any CPU
		{C3A1E54B-8C6B-4F52-AEBB-4E67AAF914FC}.Release|Any CPU.Build.0 = Release|Any CPU
		{FB1240DF-66BE-4BEB-B77E-46A20FD45D24}.Debug|Any CPU.ActiveCfg = Debug|Any CPU
		{FB1240DF-66BE-4BEB-B77E-46A20FD45D24}.Debug|Any CPU.Build.0 = Debug|Any CPU
		{FB1240DF-66BE-4BEB-B77E-46A20FD45D24}.Release|Any CPU.ActiveCfg = Release|Any CPU
		{FB1240DF-66BE-4BEB-B77E-46A20FD45D24}.Release|Any CPU.Build.0 = Release|Any CPU
	EndGlobalSection
EndGlobal
